
Microsoft Visual Studio Solution File, Format Version 12.00
# Visual Studio Version 17
VisualStudioVersion = 17.3.32922.545
MinimumVisualStudioVersion = 10.0.40219.1
Project("{2150E333-8FDC-42A3-9474-1A3956D46DE8}") = "src", "src", "{5D16D174-CEBB-4741-BD22-056396B89780}"
EndProject
Project("{2150E333-8FDC-42A3-9474-1A3956D46DE8}") = "Core", "Core", "{866EF4E7-BC3E-436F-BAB8-A16B80369442}"
EndProject
Project("{2150E333-8FDC-42A3-9474-1A3956D46DE8}") = "infraestructure", "infraestructure", "{11D2576E-2FF1-4799-A2DE-15FA4E3D1423}"
EndProject
Project("{2150E333-8FDC-42A3-9474-1A3956D46DE8}") = "presentation", "presentation", "{23CC9F46-3B58-4272-8B17-13F4D78FDEF5}"
EndProject
Project("{9A19103F-16F7-4668-BE54-9A1E7A4F7556}") = "Application", "Application\Application.csproj", "{309A28B4-C9D5-4095-AF6F-5166575C9ECC}"
EndProject
Project("{9A19103F-16F7-4668-BE54-9A1E7A4F7556}") = "Domain", "Domain\Domain.csproj", "{523CFCB2-C4C7-47F7-9C80-AE09F475AD2F}"
EndProject
Project("{9A19103F-16F7-4668-BE54-9A1E7A4F7556}") = "Persistence", "Persistence\Persistence.csproj", "{E359F66A-1EB1-46BE-B3B2-E9254BC4826C}"
EndProject
Project("{9A19103F-16F7-4668-BE54-9A1E7A4F7556}") = "Shared", "Shared\Shared.csproj", "{2F7CA800-E8F0-47B4-8C84-7ABC651B3265}"
EndProject
Project("{FAE04EC0-301F-11D3-BF4B-00C04F79EFBC}") = "WebApi", "WebApis\WebApi.csproj", "{2E68FC3C-F6D7-44EF-9CBC-C7462BABB4E0}"
EndProject
Global
	GlobalSection(SolutionConfigurationPlatforms) = preSolution
		Debug|Any CPU = Debug|Any CPU
		Release|Any CPU = Release|Any CPU
	EndGlobalSection
	GlobalSection(ProjectConfigurationPlatforms) = postSolution
		{309A28B4-C9D5-4095-AF6F-5166575C9ECC}.Debug|Any CPU.ActiveCfg = Debug|Any CPU
		{309A28B4-C9D5-4095-AF6F-5166575C9ECC}.Debug|Any CPU.Build.0 = Debug|Any CPU
		{309A28B4-C9D5-4095-AF6F-5166575C9ECC}.Release|Any CPU.ActiveCfg = Release|Any CPU
		{309A28B4-C9D5-4095-AF6F-5166575C9ECC}.Release|Any CPU.Build.0 = Release|Any CPU
		{523CFCB2-C4C7-47F7-9C80-AE09F475AD2F}.Debug|Any CPU.ActiveCfg = Debug|Any CPU
		{523CFCB2-C4C7-47F7-9C80-AE09F475AD2F}.Debug|Any CPU.Build.0 = Debug|Any CPU
		{523CFCB2-C4C7-47F7-9C80-AE09F475AD2F}.Release|Any CPU.ActiveCfg = Release|Any CPU
		{523CFCB2-C4C7-47F7-9C80-AE09F475AD2F}.Release|Any CPU.Build.0 = Release|Any CPU
		{E359F66A-1EB1-46BE-B3B2-E9254BC4826C}.Debug|Any CPU.ActiveCfg = Debug|Any CPU
		{E359F66A-1EB1-46BE-B3B2-E9254BC4826C}.Debug|Any CPU.Build.0 = Debug|Any CPU
		{E359F66A-1EB1-46BE-B3B2-E9254BC4826C}.Release|Any CPU.ActiveCfg = Release|Any CPU
		{E359F66A-1EB1-46BE-B3B2-E9254BC4826C}.Release|Any CPU.Build.0 = Release|Any CPU
		{2F7CA800-E8F0-47B4-8C84-7ABC651B3265}.Debug|Any CPU.ActiveCfg = Debug|Any CPU
		{2F7CA800-E8F0-47B4-8C84-7ABC651B3265}.Debug|Any CPU.Build.0 = Debug|Any CPU
		{2F7CA800-E8F0-47B4-8C84-7ABC651B3265}.Release|Any CPU.ActiveCfg = Release|Any CPU
		{2F7CA800-E8F0-47B4-8C84-7ABC651B3265}.Release|Any CPU.Build.0 = Release|Any CPU
		{2E68FC3C-F6D7-44EF-9CBC-C7462BABB4E0}.Debug|Any CPU.ActiveCfg = Debug|Any CPU
		{2E68FC3C-F6D7-44EF-9CBC-C7462BABB4E0}.Debug|Any CPU.Build.0 = Debug|Any CPU
		{2E68FC3C-F6D7-44EF-9CBC-C7462BABB4E0}.Release|Any CPU.ActiveCfg = Release|Any CPU
		{2E68FC3C-F6D7-44EF-9CBC-C7462BABB4E0}.Release|Any CPU.Build.0 = Release|Any CPU
	EndGlobalSection
	GlobalSection(SolutionProperties) = preSolution
		HideSolutionNode = FALSE
	EndGlobalSection
	GlobalSection(NestedProjects) = preSolution
		{866EF4E7-BC3E-436F-BAB8-A16B80369442} = {5D16D174-CEBB-4741-BD22-056396B89780}
		{11D2576E-2FF1-4799-A2DE-15FA4E3D1423} = {5D16D174-CEBB-4741-BD22-056396B89780}
		{23CC9F46-3B58-4272-8B17-13F4D78FDEF5} = {5D16D174-CEBB-4741-BD22-056396B89780}
		{309A28B4-C9D5-4095-AF6F-5166575C9ECC} = {866EF4E7-BC3E-436F-BAB8-A16B80369442}
		{523CFCB2-C4C7-47F7-9C80-AE09F475AD2F} = {866EF4E7-BC3E-436F-BAB8-A16B80369442}
		{E359F66A-1EB1-46BE-B3B2-E9254BC4826C} = {11D2576E-2FF1-4799-A2DE-15FA4E3D1423}
		{2F7CA800-E8F0-47B4-8C84-7ABC651B3265} = {11D2576E-2FF1-4799-A2DE-15FA4E3D1423}
		{2E68FC3C-F6D7-44EF-9CBC-C7462BABB4E0} = {23CC9F46-3B58-4272-8B17-13F4D78FDEF5}
	EndGlobalSection
	GlobalSection(ExtensibilityGlobals) = postSolution
		SolutionGuid = {46A10D6D-FA31-4182-9BB9-067247EB4412}
	EndGlobalSection
EndGlobal
